
Microsoft Visual Studio Solution File, Format Version 12.00
# Visual Studio Version 17
VisualStudioVersion = 17.13.35828.75
MinimumVisualStudioVersion = 10.0.40219.1
Project("{FAE04EC0-301F-11D3-BF4B-00C04F79EFBC}") = "GourmetClient", "GourmetClient\GourmetClient.csproj", "{1BDA5D1A-B098-4A2F-80A5-22B459EA606A}"
EndProject
Project("{FAE04EC0-301F-11D3-BF4B-00C04F79EFBC}") = "GourmetServer", "GourmetServer\GourmetServer.csproj", "{5FEE3F88-E619-4E1A-9ED0-221AF9D5D4DB}"
EndProject
Global
	GlobalSection(SolutionConfigurationPlatforms) = preSolution
		Debug|Any CPU = Debug|Any CPU
		Release|Any CPU = Release|Any CPU
	EndGlobalSection
	GlobalSection(ProjectConfigurationPlatforms) = postSolution
		{1BDA5D1A-B098-4A2F-80A5-22B459EA606A}.Debug|Any CPU.ActiveCfg = Debug|Any CPU
		{1BDA5D1A-B098-4A2F-80A5-22B459EA606A}.Debug|Any CPU.Build.0 = Debug|Any CPU
		{1BDA5D1A-B098-4A2F-80A5-22B459EA606A}.Release|Any CPU.ActiveCfg = Release|Any CPU
		{1BDA5D1A-B098-4A2F-80A5-22B459EA606A}.Release|Any CPU.Build.0 = Release|Any CPU
		{5FEE3F88-E619-4E1A-9ED0-221AF9D5D4DB}.Debug|Any CPU.ActiveCfg = Debug|Any CPU
		{5FEE3F88-E619-4E1A-9ED0-221AF9D5D4DB}.Debug|Any CPU.Build.0 = Debug|Any CPU
		{5FEE3F88-E619-4E1A-9ED0-221AF9D5D4DB}.Release|Any CPU.ActiveCfg = Release|Any CPU
		{5FEE3F88-E619-4E1A-9ED0-221AF9D5D4DB}.Release|Any CPU.Build.0 = Release|Any CPU
	EndGlobalSection
	GlobalSection(SolutionProperties) = preSolution
		HideSolutionNode = FALSE
	EndGlobalSection
	GlobalSection(ExtensibilityGlobals) = postSolution
		SolutionGuid = {69E32AC1-6904-4F81-9A8B-530F79C4C489}
	EndGlobalSection
EndGlobal
