
Microsoft Visual Studio Solution File, Format Version 12.00
# Visual Studio Version 17
VisualStudioVersion = 17.13.35828.75 d17.13
MinimumVisualStudioVersion = 10.0.40219.1
Project("{FAE04EC0-301F-11D3-BF4B-00C04F79EFBC}") = "ConsoleConnectSocket", "ConsoleConnectSocket\ConsoleConnectSocket.csproj", "{3A4C232D-0288-4352-8CC3-3408F9E87AC9}"
EndProject
Global
	GlobalSection(SolutionConfigurationPlatforms) = preSolution
		Debug|Any CPU = Debug|Any CPU
		Release|Any CPU = Release|Any CPU
	EndGlobalSection
	GlobalSection(ProjectConfigurationPlatforms) = postSolution
		{3A4C232D-0288-4352-8CC3-3408F9E87AC9}.Debug|Any CPU.ActiveCfg = Debug|Any CPU
		{3A4C232D-0288-4352-8CC3-3408F9E87AC9}.Debug|Any CPU.Build.0 = Debug|Any CPU
		{3A4C232D-0288-4352-8CC3-3408F9E87AC9}.Release|Any CPU.ActiveCfg = Release|Any CPU
		{3A4C232D-0288-4352-8CC3-3408F9E87AC9}.Release|Any CPU.Build.0 = Release|Any CPU
	EndGlobalSection
	GlobalSection(SolutionProperties) = preSolution
		HideSolutionNode = FALSE
	EndGlobalSection
	GlobalSection(ExtensibilityGlobals) = postSolution
		SolutionGuid = {69E32AC1-6904-4F81-9A8B-530F79C4C489}
	EndGlobalSection
EndGlobal
